
Microsoft Visual Studio Solution File, Format Version 12.00
Project("{FAE04EC0-301F-11D3-BF4B-00C04F79EFBC}") = "MonoAstroids", "MonoAstroids\MonoAstroids.csproj", "{05054076-6F7E-42BF-8565-DCC93E6EF84B}"
EndProject
Global
	GlobalSection(SolutionConfigurationPlatforms) = preSolution
		Debug|Any CPU = Debug|Any CPU
		Release|Any CPU = Release|Any CPU
	EndGlobalSection
	GlobalSection(ProjectConfigurationPlatforms) = postSolution
		{05054076-6F7E-42BF-8565-DCC93E6EF84B}.Debug|Any CPU.ActiveCfg = Debug|Any CPU
		{05054076-6F7E-42BF-8565-DCC93E6EF84B}.Debug|Any CPU.Build.0 = Debug|Any CPU
		{05054076-6F7E-42BF-8565-DCC93E6EF84B}.Release|Any CPU.ActiveCfg = Release|Any CPU
		{05054076-6F7E-42BF-8565-DCC93E6EF84B}.Release|Any CPU.Build.0 = Release|Any CPU
	EndGlobalSection
EndGlobal
